
Microsoft Visual Studio Solution File, Format Version 12.00
# Visual Studio 2012
Project("{FAE04EC0-301F-11D3-BF4B-00C04F79EFBC}") = "LF.RavenDb.Test", "LF.RavenDb.Test\LF.RavenDb.Test.csproj", "{17242903-8250-4BCC-A8E8-6AA0188C8329}"
EndProject
Global
	GlobalSection(SolutionConfigurationPlatforms) = preSolution
		Debug|Any CPU = Debug|Any CPU
		Release|Any CPU = Release|Any CPU
	EndGlobalSection
	GlobalSection(ProjectConfigurationPlatforms) = postSolution
		{17242903-8250-4BCC-A8E8-6AA0188C8329}.Debug|Any CPU.ActiveCfg = Debug|Any CPU
		{17242903-8250-4BCC-A8E8-6AA0188C8329}.Debug|Any CPU.Build.0 = Debug|Any CPU
		{17242903-8250-4BCC-A8E8-6AA0188C8329}.Release|Any CPU.ActiveCfg = Release|Any CPU
		{17242903-8250-4BCC-A8E8-6AA0188C8329}.Release|Any CPU.Build.0 = Release|Any CPU
	EndGlobalSection
	GlobalSection(SolutionProperties) = preSolution
		HideSolutionNode = FALSE
	EndGlobalSection
EndGlobal
